# THIS IS AN AUTOGENERATED FILE. DO NOT EDIT THIS FILE DIRECTLY.
# yarn lockfile v1


prettier@^2.2.1:
  version "2.2.1"
  resolved "https://registry.yarnpkg.com/prettier/-/prettier-2.2.1.tgz#795a1a78dd52f073da0cd42b21f9c91381923ff5"
  integrity sha512-PqyhM2yCjg/oKkFPtTGUojv7gnZAoG80ttl45O6x2Ug/rMJw4wcc9k6aaf2hibP7BGVCCM33gZoGjyvt9mm16Q==

react-native-typography@^1.4.1:
  version "1.4.1"
  resolved "https://registry.yarnpkg.com/react-native-typography/-/react-native-typography-1.4.1.tgz#2d05cb5935a2f7fdb6b43bbde93d60f1324578e3"
  integrity sha512-dc9Zfs4jUdq4ygx4/KwO6jKTERBu6cRrfPJGntw/pA+D6BMjlWfMNuhZ/69vf4Zpsnt9s4AGe+Z/V1QFYaCXAA==
